
Microsoft Visual Studio Solution File, Format Version 12.00
# Visual Studio Version 17
VisualStudioVersion = 17.5.002.0
MinimumVisualStudioVersion = 10.0.40219.1
Project("{2150E333-8FDC-42A3-9474-1A3956D46DE8}") = "Finished", "Finished", "{92DBF8D2-F9BC-4CED-889D-C68A4D9D02CB}"
EndProject
Project("{2150E333-8FDC-42A3-9474-1A3956D46DE8}") = "Classes", "Classes", "{A7ECB486-7029-4A72-8399-7BD35A04DA79}"
EndProject
Project("{9A19103F-16F7-4668-BE54-9A1E7A4F7556}") = "Defining", "Finished\Classes\Defining\Defining.csproj", "{4C7456B4-905B-41F1-8F20-DCAA79C64E56}"
EndProject
Project("{9A19103F-16F7-4668-BE54-9A1E7A4F7556}") = "Properties", "Finished\Classes\Properties\Properties.csproj", "{0E9AA5A3-6B11-49F1-A813-A0EECD39FC72}"
EndProject
Project("{9A19103F-16F7-4668-BE54-9A1E7A4F7556}") = "StringRep", "Finished\Classes\StringRep\StringRep.csproj", "{AFC4F48B-F8B5-46D4-ADEB-C4D7CDEA97EB}"
EndProject
Project("{9A19103F-16F7-4668-BE54-9A1E7A4F7556}") = "Inheritance", "Finished\Classes\Inheritance\Inheritance.csproj", "{8FA9BCFC-15E6-4266-9766-56DBBA52BC31}"
EndProject
Project("{9A19103F-16F7-4668-BE54-9A1E7A4F7556}") = "Modifiers", "Finished\Classes\Modifiers\Modifiers.csproj", "{B1055D77-C589-416F-A370-2737D34E0E49}"
EndProject
Project("{2150E333-8FDC-42A3-9474-1A3956D46DE8}") = "Program Flow", "Program Flow", "{42EEA075-677B-4F12-8D55-5F19585E6D2B}"
EndProject
Project("{9A19103F-16F7-4668-BE54-9A1E7A4F7556}") = "ConditionalOps", "Finished\Program Flow\Conditional-switch\ConditionalOps.csproj", "{FEE6B5A8-ADBD-4752-8EC9-3E2C754FBC5B}"
EndProject
Project("{9A19103F-16F7-4668-BE54-9A1E7A4F7556}") = "BreakContinue", "Finished\Program Flow\BreakContinue\BreakContinue.csproj", "{95731C85-97E1-489B-B030-2E6C414ED6E6}"
EndProject
Project("{9A19103F-16F7-4668-BE54-9A1E7A4F7556}") = "Exceptions", "Finished\Program Flow\Exceptions\Exceptions.csproj", "{99B9CE0F-0F42-4FBE-988B-2E67655E293E}"
EndProject
Project("{9A19103F-16F7-4668-BE54-9A1E7A4F7556}") = "WhileLoops", "Finished\Program Flow\WhileLoops\WhileLoops.csproj", "{50397E0F-4AFE-417D-8510-B8897D302996}"
EndProject
Project("{9A19103F-16F7-4668-BE54-9A1E7A4F7556}") = "Conditionals", "Finished\Program Flow\Conditional-if\Conditionals.csproj", "{FBAE5173-F140-4D39-8A1E-3A7089E53738}"
EndProject
Project("{9A19103F-16F7-4668-BE54-9A1E7A4F7556}") = "ForLoops", "Finished\Program Flow\ForLoops\ForLoops.csproj", "{38E0873C-4D20-43C9-A240-04284BD8525B}"
EndProject
Project("{2150E333-8FDC-42A3-9474-1A3956D46DE8}") = "Strings", "Strings", "{DBDCE040-BB7E-4EA0-93B3-1DE602D1FC1F}"
EndProject
Project("{9A19103F-16F7-4668-BE54-9A1E7A4F7556}") = "Builder", "Finished\Strings\Builder\Builder.csproj", "{DD3AF01C-C8A4-4C5A-95C6-885E04013C4B}"
EndProject
Project("{9A19103F-16F7-4668-BE54-9A1E7A4F7556}") = "Formatting", "Finished\Strings\Formatting\Formatting.csproj", "{53F6A9EF-3EED-4FE5-A0BA-C7EC6ED4B945}"
EndProject
Project("{9A19103F-16F7-4668-BE54-9A1E7A4F7556}") = "Strings", "Finished\Strings\Interpolation\Strings.csproj", "{EC30BD96-A0FC-4987-80D2-46D737CB6A70}"
EndProject
Project("{9A19103F-16F7-4668-BE54-9A1E7A4F7556}") = "Operations", "Finished\Strings\Operations\Operations.csproj", "{720B2955-DF2B-4F10-AFCC-AE1D40693BCB}"
EndProject
Project("{9A19103F-16F7-4668-BE54-9A1E7A4F7556}") = "Parsing", "Finished\Strings\Parsing\Parsing.csproj", "{3F11D550-FAED-409B-809A-42B81B79AA58}"
EndProject
Project("{2150E333-8FDC-42A3-9474-1A3956D46DE8}") = "Overview", "Overview", "{B9270E38-3E21-4826-9041-AB1821DE4631}"
EndProject
Project("{9A19103F-16F7-4668-BE54-9A1E7A4F7556}") = "Operators", "Finished\Overview\Operators\Operators.csproj", "{EF2BD3CA-C5EF-4BE1-B267-48B1297CBD37}"
EndProject
Project("{9A19103F-16F7-4668-BE54-9A1E7A4F7556}") = "HelloWorld", "Finished\Overview\HelloWorld\HelloWorld.csproj", "{AF1DC9BC-62AF-4D03-93CA-89F728B625D2}"
EndProject
Project("{9A19103F-16F7-4668-BE54-9A1E7A4F7556}") = "VarsAndData", "Finished\Overview\VarsAndData\VarsAndData.csproj", "{19B108FC-1A3E-4C59-A74E-3CE3109482ED}"
EndProject
Project("{9A19103F-16F7-4668-BE54-9A1E7A4F7556}") = "Comments", "Finished\Overview\Comments\Comments.csproj", "{91DF9EAD-1B13-4DE5-A170-1F2A49DC4B0E}"
EndProject
Project("{2150E333-8FDC-42A3-9474-1A3956D46DE8}") = "Functions", "Functions", "{DBD5FAA2-DC7C-497B-AF94-0529ABCE68A4}"
EndProject
Project("{9A19103F-16F7-4668-BE54-9A1E7A4F7556}") = "Basics", "Finished\Functions\Basics\Basics.csproj", "{D2A4A96D-857A-4453-A3C8-532B9C52F928}"
EndProject
Project("{9A19103F-16F7-4668-BE54-9A1E7A4F7556}") = "Params", "Finished\Functions\DefaultParams\Params.csproj", "{718E0661-5B77-4E4C-9C10-5E2D3CA4B3B5}"
EndProject
Project("{9A19103F-16F7-4668-BE54-9A1E7A4F7556}") = "RefAndOut", "Finished\Functions\RefAndOutParams\RefAndOut.csproj", "{896EBA9F-9246-448D-B7F3-186795ED97B8}"
EndProject
Project("{9A19103F-16F7-4668-BE54-9A1E7A4F7556}") = "MultiValues", "Finished\Functions\MultiValues\MultiValues.csproj", "{0A23FEED-FAA7-429D-BAA0-4ED858ECACA5}"
EndProject
Project("{2150E333-8FDC-42A3-9474-1A3956D46DE8}") = "Start", "Start", "{440B4193-02E4-4F6A-BA11-3860B4AD7C1D}"
EndProject
Project("{2150E333-8FDC-42A3-9474-1A3956D46DE8}") = "Classes", "Classes", "{09A02F26-47D4-4F59-B459-5D1AEC600B59}"
EndProject
Project("{9A19103F-16F7-4668-BE54-9A1E7A4F7556}") = "Defining", "Start\Classes\Defining\Defining.csproj", "{4D7AC921-0FA3-4DE8-B348-2B41E93D0BBB}"
EndProject
Project("{9A19103F-16F7-4668-BE54-9A1E7A4F7556}") = "Properties", "Start\Classes\Properties\Properties.csproj", "{F10E8E9F-52E0-4FD3-A203-2408B0735071}"
EndProject
Project("{9A19103F-16F7-4668-BE54-9A1E7A4F7556}") = "StringRep", "Start\Classes\StringRep\StringRep.csproj", "{076DC74A-CB7F-453C-8E7A-0001CB9BA63B}"
EndProject
Project("{9A19103F-16F7-4668-BE54-9A1E7A4F7556}") = "Inheritance", "Start\Classes\Inheritance\Inheritance.csproj", "{B4D1FF35-3FD8-4430-B960-BD939F52FD4E}"
EndProject
Project("{9A19103F-16F7-4668-BE54-9A1E7A4F7556}") = "Modifiers", "Start\Classes\Modifiers\Modifiers.csproj", "{2C26A433-1E96-4AFF-A225-8D8B55A76BAD}"
EndProject
Project("{2150E333-8FDC-42A3-9474-1A3956D46DE8}") = "Program Flow", "Program Flow", "{B2FF4D20-5EAC-4152-A508-38845CEE486C}"
EndProject
Project("{9A19103F-16F7-4668-BE54-9A1E7A4F7556}") = "ConditionalOps", "Start\Program Flow\Conditional-switch\ConditionalOps.csproj", "{723BA678-7AB6-44CB-8572-AB1C4ABA9644}"
EndProject
Project("{9A19103F-16F7-4668-BE54-9A1E7A4F7556}") = "BreakContinue", "Start\Program Flow\BreakContinue\BreakContinue.csproj", "{1CFAA18D-9FCE-4E23-B252-1200D573C8F7}"
EndProject
Project("{9A19103F-16F7-4668-BE54-9A1E7A4F7556}") = "Exceptions", "Start\Program Flow\Exceptions\Exceptions.csproj", "{82EDAC4F-8ACD-4E83-8E7C-AD8775861717}"
EndProject
Project("{9A19103F-16F7-4668-BE54-9A1E7A4F7556}") = "WhileLoops", "Start\Program Flow\WhileLoops\WhileLoops.csproj", "{3A403427-4636-4D50-91F4-D6A4CB7F16F5}"
EndProject
Project("{9A19103F-16F7-4668-BE54-9A1E7A4F7556}") = "Conditionals", "Start\Program Flow\Conditional-if\Conditionals.csproj", "{5F5A9F93-CCE2-4D8D-907C-D6FC04702C1A}"
EndProject
Project("{9A19103F-16F7-4668-BE54-9A1E7A4F7556}") = "ForLoops", "Start\Program Flow\ForLoops\ForLoops.csproj", "{7726349E-3F13-414D-8CC4-03E8EE687BDD}"
EndProject
Project("{2150E333-8FDC-42A3-9474-1A3956D46DE8}") = "Strings", "Strings", "{E3AA0112-311D-41A7-B088-B975DF4CDC5B}"
EndProject
Project("{9A19103F-16F7-4668-BE54-9A1E7A4F7556}") = "Builder", "Start\Strings\Builder\Builder.csproj", "{3F5A08FB-EFCC-4A2D-B52A-081A448B5EC3}"
EndProject
Project("{9A19103F-16F7-4668-BE54-9A1E7A4F7556}") = "Formatting", "Start\Strings\Formatting\Formatting.csproj", "{4B79BF33-354E-4BA3-AA38-ACF7C4B7FB2E}"
EndProject
Project("{9A19103F-16F7-4668-BE54-9A1E7A4F7556}") = "Strings", "Start\Strings\Interpolation\Strings.csproj", "{C95F65D7-9D0D-4B6B-842F-0CE89EB0F5D5}"
EndProject
Project("{9A19103F-16F7-4668-BE54-9A1E7A4F7556}") = "Operations", "Start\Strings\Operations\Operations.csproj", "{614BA10D-5A35-41CD-B126-350C6061F656}"
EndProject
Project("{9A19103F-16F7-4668-BE54-9A1E7A4F7556}") = "Parsing", "Start\Strings\Parsing\Parsing.csproj", "{B7F087F6-4140-4406-A2EB-4D61BFD21DBD}"
EndProject
Project("{2150E333-8FDC-42A3-9474-1A3956D46DE8}") = "Overview", "Overview", "{5B69BA7A-579C-4990-AE08-7ED645DA72BA}"
EndProject
Project("{9A19103F-16F7-4668-BE54-9A1E7A4F7556}") = "Operators", "Start\Overview\Operators\Operators.csproj", "{AFBD7B69-9163-4278-81F9-1336FFBD1F41}"
EndProject
Project("{9A19103F-16F7-4668-BE54-9A1E7A4F7556}") = "HelloWorld", "Start\Overview\HelloWorld\HelloWorld.csproj", "{15FC6305-EC93-4C95-BF8F-B92EBC277586}"
EndProject
Project("{9A19103F-16F7-4668-BE54-9A1E7A4F7556}") = "VarsAndData", "Start\Overview\VarsAndData\VarsAndData.csproj", "{841E460B-AA81-4F38-BA5A-1E4D73505243}"
EndProject
Project("{9A19103F-16F7-4668-BE54-9A1E7A4F7556}") = "Comments", "Start\Overview\Comments\Comments.csproj", "{739A9B69-A087-4EB9-9F0F-45898008C89D}"
EndProject
Project("{2150E333-8FDC-42A3-9474-1A3956D46DE8}") = "Functions", "Functions", "{2238A018-E38E-4CC1-B398-46ECD80C7FF3}"
EndProject
Project("{9A19103F-16F7-4668-BE54-9A1E7A4F7556}") = "Basics", "Start\Functions\Basics\Basics.csproj", "{2D781BDB-96B1-4271-A2C0-09B8DC4FFC7F}"
EndProject
Project("{9A19103F-16F7-4668-BE54-9A1E7A4F7556}") = "Params", "Start\Functions\DefaultParams\Params.csproj", "{CBFC8502-2BFF-4F0C-873C-5EE61A794000}"
EndProject
Project("{9A19103F-16F7-4668-BE54-9A1E7A4F7556}") = "RefAndOut", "Start\Functions\RefAndOutParams\RefAndOut.csproj", "{79D78423-BE9E-4555-B821-39D4ACEC305E}"
EndProject
Project("{9A19103F-16F7-4668-BE54-9A1E7A4F7556}") = "MultiValues", "Start\Functions\MultiValues\MultiValues.csproj", "{83CBFFD2-98E1-41C1-BF8C-E8A7D0CCB73A}"
EndProject
Global
	GlobalSection(SolutionConfigurationPlatforms) = preSolution
		Debug|Any CPU = Debug|Any CPU
		Release|Any CPU = Release|Any CPU
	EndGlobalSection
	GlobalSection(ProjectConfigurationPlatforms) = postSolution
		{4C7456B4-905B-41F1-8F20-DCAA79C64E56}.Debug|Any CPU.ActiveCfg = Debug|Any CPU
		{4C7456B4-905B-41F1-8F20-DCAA79C64E56}.Debug|Any CPU.Build.0 = Debug|Any CPU
		{4C7456B4-905B-41F1-8F20-DCAA79C64E56}.Release|Any CPU.ActiveCfg = Release|Any CPU
		{4C7456B4-905B-41F1-8F20-DCAA79C64E56}.Release|Any CPU.Build.0 = Release|Any CPU
		{0E9AA5A3-6B11-49F1-A813-A0EECD39FC72}.Debug|Any CPU.ActiveCfg = Debug|Any CPU
		{0E9AA5A3-6B11-49F1-A813-A0EECD39FC72}.Debug|Any CPU.Build.0 = Debug|Any CPU
		{0E9AA5A3-6B11-49F1-A813-A0EECD39FC72}.Release|Any CPU.ActiveCfg = Release|Any CPU
		{0E9AA5A3-6B11-49F1-A813-A0EECD39FC72}.Release|Any CPU.Build.0 = Release|Any CPU
		{AFC4F48B-F8B5-46D4-ADEB-C4D7CDEA97EB}.Debug|Any CPU.ActiveCfg = Debug|Any CPU
		{AFC4F48B-F8B5-46D4-ADEB-C4D7CDEA97EB}.Debug|Any CPU.Build.0 = Debug|Any CPU
		{AFC4F48B-F8B5-46D4-ADEB-C4D7CDEA97EB}.Release|Any CPU.ActiveCfg = Release|Any CPU
		{AFC4F48B-F8B5-46D4-ADEB-C4D7CDEA97EB}.Release|Any CPU.Build.0 = Release|Any CPU
		{8FA9BCFC-15E6-4266-9766-56DBBA52BC31}.Debug|Any CPU.ActiveCfg = Debug|Any CPU
		{8FA9BCFC-15E6-4266-9766-56DBBA52BC31}.Debug|Any CPU.Build.0 = Debug|Any CPU
		{8FA9BCFC-15E6-4266-9766-56DBBA52BC31}.Release|Any CPU.ActiveCfg = Release|Any CPU
		{8FA9BCFC-15E6-4266-9766-56DBBA52BC31}.Release|Any CPU.Build.0 = Release|Any CPU
		{B1055D77-C589-416F-A370-2737D34E0E49}.Debug|Any CPU.ActiveCfg = Debug|Any CPU
		{B1055D77-C589-416F-A370-2737D34E0E49}.Debug|Any CPU.Build.0 = Debug|Any CPU
		{B1055D77-C589-416F-A370-2737D34E0E49}.Release|Any CPU.ActiveCfg = Release|Any CPU
		{B1055D77-C589-416F-A370-2737D34E0E49}.Release|Any CPU.Build.0 = Release|Any CPU
		{FEE6B5A8-ADBD-4752-8EC9-3E2C754FBC5B}.Debug|Any CPU.ActiveCfg = Debug|Any CPU
		{FEE6B5A8-ADBD-4752-8EC9-3E2C754FBC5B}.Debug|Any CPU.Build.0 = Debug|Any CPU
		{FEE6B5A8-ADBD-4752-8EC9-3E2C754FBC5B}.Release|Any CPU.ActiveCfg = Release|Any CPU
		{FEE6B5A8-ADBD-4752-8EC9-3E2C754FBC5B}.Release|Any CPU.Build.0 = Release|Any CPU
		{95731C85-97E1-489B-B030-2E6C414ED6E6}.Debug|Any CPU.ActiveCfg = Debug|Any CPU
		{95731C85-97E1-489B-B030-2E6C414ED6E6}.Debug|Any CPU.Build.0 = Debug|Any CPU
		{95731C85-97E1-489B-B030-2E6C414ED6E6}.Release|Any CPU.ActiveCfg = Release|Any CPU
		{95731C85-97E1-489B-B030-2E6C414ED6E6}.Release|Any CPU.Build.0 = Release|Any CPU
		{99B9CE0F-0F42-4FBE-988B-2E67655E293E}.Debug|Any CPU.ActiveCfg = Debug|Any CPU
		{99B9CE0F-0F42-4FBE-988B-2E67655E293E}.Debug|Any CPU.Build.0 = Debug|Any CPU
		{99B9CE0F-0F42-4FBE-988B-2E67655E293E}.Release|Any CPU.ActiveCfg = Release|Any CPU
		{99B9CE0F-0F42-4FBE-988B-2E67655E293E}.Release|Any CPU.Build.0 = Release|Any CPU
		{50397E0F-4AFE-417D-8510-B8897D302996}.Debug|Any CPU.ActiveCfg = Debug|Any CPU
		{50397E0F-4AFE-417D-8510-B8897D302996}.Debug|Any CPU.Build.0 = Debug|Any CPU
		{50397E0F-4AFE-417D-8510-B8897D302996}.Release|Any CPU.ActiveCfg = Release|Any CPU
		{50397E0F-4AFE-417D-8510-B8897D302996}.Release|Any CPU.Build.0 = Release|Any CPU
		{FBAE5173-F140-4D39-8A1E-3A7089E53738}.Debug|Any CPU.ActiveCfg = Debug|Any CPU
		{FBAE5173-F140-4D39-8A1E-3A7089E53738}.Debug|Any CPU.Build.0 = Debug|Any CPU
		{FBAE5173-F140-4D39-8A1E-3A7089E53738}.Release|Any CPU.ActiveCfg = Release|Any CPU
		{FBAE5173-F140-4D39-8A1E-3A7089E53738}.Release|Any CPU.Build.0 = Release|Any CPU
		{38E0873C-4D20-43C9-A240-04284BD8525B}.Debug|Any CPU.ActiveCfg = Debug|Any CPU
		{38E0873C-4D20-43C9-A240-04284BD8525B}.Debug|Any CPU.Build.0 = Debug|Any CPU
		{38E0873C-4D20-43C9-A240-04284BD8525B}.Release|Any CPU.ActiveCfg = Release|Any CPU
		{38E0873C-4D20-43C9-A240-04284BD8525B}.Release|Any CPU.Build.0 = Release|Any CPU
		{DD3AF01C-C8A4-4C5A-95C6-885E04013C4B}.Debug|Any CPU.ActiveCfg = Debug|Any CPU
		{DD3AF01C-C8A4-4C5A-95C6-885E04013C4B}.Debug|Any CPU.Build.0 = Debug|Any CPU
		{DD3AF01C-C8A4-4C5A-95C6-885E04013C4B}.Release|Any CPU.ActiveCfg = Release|Any CPU
		{DD3AF01C-C8A4-4C5A-95C6-885E04013C4B}.Release|Any CPU.Build.0 = Release|Any CPU
		{53F6A9EF-3EED-4FE5-A0BA-C7EC6ED4B945}.Debug|Any CPU.ActiveCfg = Debug|Any CPU
		{53F6A9EF-3EED-4FE5-A0BA-C7EC6ED4B945}.Debug|Any CPU.Build.0 = Debug|Any CPU
		{53F6A9EF-3EED-4FE5-A0BA-C7EC6ED4B945}.Release|Any CPU.ActiveCfg = Release|Any CPU
		{53F6A9EF-3EED-4FE5-A0BA-C7EC6ED4B945}.Release|Any CPU.Build.0 = Release|Any CPU
		{EC30BD96-A0FC-4987-80D2-46D737CB6A70}.Debug|Any CPU.ActiveCfg = Debug|Any CPU
		{EC30BD96-A0FC-4987-80D2-46D737CB6A70}.Debug|Any CPU.Build.0 = Debug|Any CPU
		{EC30BD96-A0FC-4987-80D2-46D737CB6A70}.Release|Any CPU.ActiveCfg = Release|Any CPU
		{EC30BD96-A0FC-4987-80D2-46D737CB6A70}.Release|Any CPU.Build.0 = Release|Any CPU
		{720B2955-DF2B-4F10-AFCC-AE1D40693BCB}.Debug|Any CPU.ActiveCfg = Debug|Any CPU
		{720B2955-DF2B-4F10-AFCC-AE1D40693BCB}.Debug|Any CPU.Build.0 = Debug|Any CPU
		{720B2955-DF2B-4F10-AFCC-AE1D40693BCB}.Release|Any CPU.ActiveCfg = Release|Any CPU
		{720B2955-DF2B-4F10-AFCC-AE1D40693BCB}.Release|Any CPU.Build.0 = Release|Any CPU
		{3F11D550-FAED-409B-809A-42B81B79AA58}.Debug|Any CPU.ActiveCfg = Debug|Any CPU
		{3F11D550-FAED-409B-809A-42B81B79AA58}.Debug|Any CPU.Build.0 = Debug|Any CPU
		{3F11D550-FAED-409B-809A-42B81B79AA58}.Release|Any CPU.ActiveCfg = Release|Any CPU
		{3F11D550-FAED-409B-809A-42B81B79AA58}.Release|Any CPU.Build.0 = Release|Any CPU
		{EF2BD3CA-C5EF-4BE1-B267-48B1297CBD37}.Debug|Any CPU.ActiveCfg = Debug|Any CPU
		{EF2BD3CA-C5EF-4BE1-B267-48B1297CBD37}.Debug|Any CPU.Build.0 = Debug|Any CPU
		{EF2BD3CA-C5EF-4BE1-B267-48B1297CBD37}.Release|Any CPU.ActiveCfg = Release|Any CPU
		{EF2BD3CA-C5EF-4BE1-B267-48B1297CBD37}.Release|Any CPU.Build.0 = Release|Any CPU
		{AF1DC9BC-62AF-4D03-93CA-89F728B625D2}.Debug|Any CPU.ActiveCfg = Debug|Any CPU
		{AF1DC9BC-62AF-4D03-93CA-89F728B625D2}.Debug|Any CPU.Build.0 = Debug|Any CPU
		{AF1DC9BC-62AF-4D03-93CA-89F728B625D2}.Release|Any CPU.ActiveCfg = Release|Any CPU
		{AF1DC9BC-62AF-4D03-93CA-89F728B625D2}.Release|Any CPU.Build.0 = Release|Any CPU
		{19B108FC-1A3E-4C59-A74E-3CE3109482ED}.Debug|Any CPU.ActiveCfg = Debug|Any CPU
		{19B108FC-1A3E-4C59-A74E-3CE3109482ED}.Debug|Any CPU.Build.0 = Debug|Any CPU
		{19B108FC-1A3E-4C59-A74E-3CE3109482ED}.Release|Any CPU.ActiveCfg = Release|Any CPU
		{19B108FC-1A3E-4C59-A74E-3CE3109482ED}.Release|Any CPU.Build.0 = Release|Any CPU
		{91DF9EAD-1B13-4DE5-A170-1F2A49DC4B0E}.Debug|Any CPU.ActiveCfg = Debug|Any CPU
		{91DF9EAD-1B13-4DE5-A170-1F2A49DC4B0E}.Debug|Any CPU.Build.0 = Debug|Any CPU
		{91DF9EAD-1B13-4DE5-A170-1F2A49DC4B0E}.Release|Any CPU.ActiveCfg = Release|Any CPU
		{91DF9EAD-1B13-4DE5-A170-1F2A49DC4B0E}.Release|Any CPU.Build.0 = Release|Any CPU
		{D2A4A96D-857A-4453-A3C8-532B9C52F928}.Debug|Any CPU.ActiveCfg = Debug|Any CPU
		{D2A4A96D-857A-4453-A3C8-532B9C52F928}.Debug|Any CPU.Build.0 = Debug|Any CPU
		{D2A4A96D-857A-4453-A3C8-532B9C52F928}.Release|Any CPU.ActiveCfg = Release|Any CPU
		{D2A4A96D-857A-4453-A3C8-532B9C52F928}.Release|Any CPU.Build.0 = Release|Any CPU
		{718E0661-5B77-4E4C-9C10-5E2D3CA4B3B5}.Debug|Any CPU.ActiveCfg = Debug|Any CPU
		{718E0661-5B77-4E4C-9C10-5E2D3CA4B3B5}.Debug|Any CPU.Build.0 = Debug|Any CPU
		{718E0661-5B77-4E4C-9C10-5E2D3CA4B3B5}.Release|Any CPU.ActiveCfg = Release|Any CPU
		{718E0661-5B77-4E4C-9C10-5E2D3CA4B3B5}.Release|Any CPU.Build.0 = Release|Any CPU
		{896EBA9F-9246-448D-B7F3-186795ED97B8}.Debug|Any CPU.ActiveCfg = Debug|Any CPU
		{896EBA9F-9246-448D-B7F3-186795ED97B8}.Debug|Any CPU.Build.0 = Debug|Any CPU
		{896EBA9F-9246-448D-B7F3-186795ED97B8}.Release|Any CPU.ActiveCfg = Release|Any CPU
		{896EBA9F-9246-448D-B7F3-186795ED97B8}.Release|Any CPU.Build.0 = Release|Any CPU
		{0A23FEED-FAA7-429D-BAA0-4ED858ECACA5}.Debug|Any CPU.ActiveCfg = Debug|Any CPU
		{0A23FEED-FAA7-429D-BAA0-4ED858ECACA5}.Debug|Any CPU.Build.0 = Debug|Any CPU
		{0A23FEED-FAA7-429D-BAA0-4ED858ECACA5}.Release|Any CPU.ActiveCfg = Release|Any CPU
		{0A23FEED-FAA7-429D-BAA0-4ED858ECACA5}.Release|Any CPU.Build.0 = Release|Any CPU
		{4D7AC921-0FA3-4DE8-B348-2B41E93D0BBB}.Debug|Any CPU.ActiveCfg = Debug|Any CPU
		{4D7AC921-0FA3-4DE8-B348-2B41E93D0BBB}.Debug|Any CPU.Build.0 = Debug|Any CPU
		{4D7AC921-0FA3-4DE8-B348-2B41E93D0BBB}.Release|Any CPU.ActiveCfg = Release|Any CPU
		{4D7AC921-0FA3-4DE8-B348-2B41E93D0BBB}.Release|Any CPU.Build.0 = Release|Any CPU
		{F10E8E9F-52E0-4FD3-A203-2408B0735071}.Debug|Any CPU.ActiveCfg = Debug|Any CPU
		{F10E8E9F-52E0-4FD3-A203-2408B0735071}.Debug|Any CPU.Build.0 = Debug|Any CPU
		{F10E8E9F-52E0-4FD3-A203-2408B0735071}.Release|Any CPU.ActiveCfg = Release|Any CPU
		{F10E8E9F-52E0-4FD3-A203-2408B0735071}.Release|Any CPU.Build.0 = Release|Any CPU
		{076DC74A-CB7F-453C-8E7A-0001CB9BA63B}.Debug|Any CPU.ActiveCfg = Debug|Any CPU
		{076DC74A-CB7F-453C-8E7A-0001CB9BA63B}.Debug|Any CPU.Build.0 = Debug|Any CPU
		{076DC74A-CB7F-453C-8E7A-0001CB9BA63B}.Release|Any CPU.ActiveCfg = Release|Any CPU
		{076DC74A-CB7F-453C-8E7A-0001CB9BA63B}.Release|Any CPU.Build.0 = Release|Any CPU
		{B4D1FF35-3FD8-4430-B960-BD939F52FD4E}.Debug|Any CPU.ActiveCfg = Debug|Any CPU
		{B4D1FF35-3FD8-4430-B960-BD939F52FD4E}.Debug|Any CPU.Build.0 = Debug|Any CPU
		{B4D1FF35-3FD8-4430-B960-BD939F52FD4E}.Release|Any CPU.ActiveCfg = Release|Any CPU
		{B4D1FF35-3FD8-4430-B960-BD939F52FD4E}.Release|Any CPU.Build.0 = Release|Any CPU
		{2C26A433-1E96-4AFF-A225-8D8B55A76BAD}.Debug|Any CPU.ActiveCfg = Debug|Any CPU
		{2C26A433-1E96-4AFF-A225-8D8B55A76BAD}.Debug|Any CPU.Build.0 = Debug|Any CPU
		{2C26A433-1E96-4AFF-A225-8D8B55A76BAD}.Release|Any CPU.ActiveCfg = Release|Any CPU
		{2C26A433-1E96-4AFF-A225-8D8B55A76BAD}.Release|Any CPU.Build.0 = Release|Any CPU
		{723BA678-7AB6-44CB-8572-AB1C4ABA9644}.Debug|Any CPU.ActiveCfg = Debug|Any CPU
		{723BA678-7AB6-44CB-8572-AB1C4ABA9644}.Debug|Any CPU.Build.0 = Debug|Any CPU
		{723BA678-7AB6-44CB-8572-AB1C4ABA9644}.Release|Any CPU.ActiveCfg = Release|Any CPU
		{723BA678-7AB6-44CB-8572-AB1C4ABA9644}.Release|Any CPU.Build.0 = Release|Any CPU
		{1CFAA18D-9FCE-4E23-B252-1200D573C8F7}.Debug|Any CPU.ActiveCfg = Debug|Any CPU
		{1CFAA18D-9FCE-4E23-B252-1200D573C8F7}.Debug|Any CPU.Build.0 = Debug|Any CPU
		{1CFAA18D-9FCE-4E23-B252-1200D573C8F7}.Release|Any CPU.ActiveCfg = Release|Any CPU
		{1CFAA18D-9FCE-4E23-B252-1200D573C8F7}.Release|Any CPU.Build.0 = Release|Any CPU
		{82EDAC4F-8ACD-4E83-8E7C-AD8775861717}.Debug|Any CPU.ActiveCfg = Debug|Any CPU
		{82EDAC4F-8ACD-4E83-8E7C-AD8775861717}.Debug|Any CPU.Build.0 = Debug|Any CPU
		{82EDAC4F-8ACD-4E83-8E7C-AD8775861717}.Release|Any CPU.ActiveCfg = Release|Any CPU
		{82EDAC4F-8ACD-4E83-8E7C-AD8775861717}.Release|Any CPU.Build.0 = Release|Any CPU
		{3A403427-4636-4D50-91F4-D6A4CB7F16F5}.Debug|Any CPU.ActiveCfg = Debug|Any CPU
		{3A403427-4636-4D50-91F4-D6A4CB7F16F5}.Debug|Any CPU.Build.0 = Debug|Any CPU
		{3A403427-4636-4D50-91F4-D6A4CB7F16F5}.Release|Any CPU.ActiveCfg = Release|Any CPU
		{3A403427-4636-4D50-91F4-D6A4CB7F16F5}.Release|Any CPU.Build.0 = Release|Any CPU
		{5F5A9F93-CCE2-4D8D-907C-D6FC04702C1A}.Debug|Any CPU.ActiveCfg = Debug|Any CPU
		{5F5A9F93-CCE2-4D8D-907C-D6FC04702C1A}.Debug|Any CPU.Build.0 = Debug|Any CPU
		{5F5A9F93-CCE2-4D8D-907C-D6FC04702C1A}.Release|Any CPU.ActiveCfg = Release|Any CPU
		{5F5A9F93-CCE2-4D8D-907C-D6FC04702C1A}.Release|Any CPU.Build.0 = Release|Any CPU
		{7726349E-3F13-414D-8CC4-03E8EE687BDD}.Debug|Any CPU.ActiveCfg = Debug|Any CPU
		{7726349E-3F13-414D-8CC4-03E8EE687BDD}.Debug|Any CPU.Build.0 = Debug|Any CPU
		{7726349E-3F13-414D-8CC4-03E8EE687BDD}.Release|Any CPU.ActiveCfg = Release|Any CPU
		{7726349E-3F13-414D-8CC4-03E8EE687BDD}.Release|Any CPU.Build.0 = Release|Any CPU
		{3F5A08FB-EFCC-4A2D-B52A-081A448B5EC3}.Debug|Any CPU.ActiveCfg = Debug|Any CPU
		{3F5A08FB-EFCC-4A2D-B52A-081A448B5EC3}.Debug|Any CPU.Build.0 = Debug|Any CPU
		{3F5A08FB-EFCC-4A2D-B52A-081A448B5EC3}.Release|Any CPU.ActiveCfg = Release|Any CPU
		{3F5A08FB-EFCC-4A2D-B52A-081A448B5EC3}.Release|Any CPU.Build.0 = Release|Any CPU
		{4B79BF33-354E-4BA3-AA38-ACF7C4B7FB2E}.Debug|Any CPU.ActiveCfg = Debug|Any CPU
		{4B79BF33-354E-4BA3-AA38-ACF7C4B7FB2E}.Debug|Any CPU.Build.0 = Debug|Any CPU
		{4B79BF33-354E-4BA3-AA38-ACF7C4B7FB2E}.Release|Any CPU.ActiveCfg = Release|Any CPU
		{4B79BF33-354E-4BA3-AA38-ACF7C4B7FB2E}.Release|Any CPU.Build.0 = Release|Any CPU
		{C95F65D7-9D0D-4B6B-842F-0CE89EB0F5D5}.Debug|Any CPU.ActiveCfg = Debug|Any CPU
		{C95F65D7-9D0D-4B6B-842F-0CE89EB0F5D5}.Debug|Any CPU.Build.0 = Debug|Any CPU
		{C95F65D7-9D0D-4B6B-842F-0CE89EB0F5D5}.Release|Any CPU.ActiveCfg = Release|Any CPU
		{C95F65D7-9D0D-4B6B-842F-0CE89EB0F5D5}.Release|Any CPU.Build.0 = Release|Any CPU
		{614BA10D-5A35-41CD-B126-350C6061F656}.Debug|Any CPU.ActiveCfg = Debug|Any CPU
		{614BA10D-5A35-41CD-B126-350C6061F656}.Debug|Any CPU.Build.0 = Debug|Any CPU
		{614BA10D-5A35-41CD-B126-350C6061F656}.Release|Any CPU.ActiveCfg = Release|Any CPU
		{614BA10D-5A35-41CD-B126-350C6061F656}.Release|Any CPU.Build.0 = Release|Any CPU
		{B7F087F6-4140-4406-A2EB-4D61BFD21DBD}.Debug|Any CPU.ActiveCfg = Debug|Any CPU
		{B7F087F6-4140-4406-A2EB-4D61BFD21DBD}.Debug|Any CPU.Build.0 = Debug|Any CPU
		{B7F087F6-4140-4406-A2EB-4D61BFD21DBD}.Release|Any CPU.ActiveCfg = Release|Any CPU
		{B7F087F6-4140-4406-A2EB-4D61BFD21DBD}.Release|Any CPU.Build.0 = Release|Any CPU
		{AFBD7B69-9163-4278-81F9-1336FFBD1F41}.Debug|Any CPU.ActiveCfg = Debug|Any CPU
		{AFBD7B69-9163-4278-81F9-1336FFBD1F41}.Debug|Any CPU.Build.0 = Debug|Any CPU
		{AFBD7B69-9163-4278-81F9-1336FFBD1F41}.Release|Any CPU.ActiveCfg = Release|Any CPU
		{AFBD7B69-9163-4278-81F9-1336FFBD1F41}.Release|Any CPU.Build.0 = Release|Any CPU
		{15FC6305-EC93-4C95-BF8F-B92EBC277586}.Debug|Any CPU.ActiveCfg = Debug|Any CPU
		{15FC6305-EC93-4C95-BF8F-B92EBC277586}.Debug|Any CPU.Build.0 = Debug|Any CPU
		{15FC6305-EC93-4C95-BF8F-B92EBC277586}.Release|Any CPU.ActiveCfg = Release|Any CPU
		{15FC6305-EC93-4C95-BF8F-B92EBC277586}.Release|Any CPU.Build.0 = Release|Any CPU
		{841E460B-AA81-4F38-BA5A-1E4D73505243}.Debug|Any CPU.ActiveCfg = Debug|Any CPU
		{841E460B-AA81-4F38-BA5A-1E4D73505243}.Debug|Any CPU.Build.0 = Debug|Any CPU
		{841E460B-AA81-4F38-BA5A-1E4D73505243}.Release|Any CPU.ActiveCfg = Release|Any CPU
		{841E460B-AA81-4F38-BA5A-1E4D73505243}.Release|Any CPU.Build.0 = Release|Any CPU
		{739A9B69-A087-4EB9-9F0F-45898008C89D}.Debug|Any CPU.ActiveCfg = Debug|Any CPU
		{739A9B69-A087-4EB9-9F0F-45898008C89D}.Debug|Any CPU.Build.0 = Debug|Any CPU
		{739A9B69-A087-4EB9-9F0F-45898008C89D}.Release|Any CPU.ActiveCfg = Release|Any CPU
		{739A9B69-A087-4EB9-9F0F-45898008C89D}.Release|Any CPU.Build.0 = Release|Any CPU
		{2D781BDB-96B1-4271-A2C0-09B8DC4FFC7F}.Debug|Any CPU.ActiveCfg = Debug|Any CPU
		{2D781BDB-96B1-4271-A2C0-09B8DC4FFC7F}.Debug|Any CPU.Build.0 = Debug|Any CPU
		{2D781BDB-96B1-4271-A2C0-09B8DC4FFC7F}.Release|Any CPU.ActiveCfg = Release|Any CPU
		{2D781BDB-96B1-4271-A2C0-09B8DC4FFC7F}.Release|Any CPU.Build.0 = Release|Any CPU
		{CBFC8502-2BFF-4F0C-873C-5EE61A794000}.Debug|Any CPU.ActiveCfg = Debug|Any CPU
		{CBFC8502-2BFF-4F0C-873C-5EE61A794000}.Debug|Any CPU.Build.0 = Debug|Any CPU
		{CBFC8502-2BFF-4F0C-873C-5EE61A794000}.Release|Any CPU.ActiveCfg = Release|Any CPU
		{CBFC8502-2BFF-4F0C-873C-5EE61A794000}.Release|Any CPU.Build.0 = Release|Any CPU
		{79D78423-BE9E-4555-B821-39D4ACEC305E}.Debug|Any CPU.ActiveCfg = Debug|Any CPU
		{79D78423-BE9E-4555-B821-39D4ACEC305E}.Debug|Any CPU.Build.0 = Debug|Any CPU
		{79D78423-BE9E-4555-B821-39D4ACEC305E}.Release|Any CPU.ActiveCfg = Release|Any CPU
		{79D78423-BE9E-4555-B821-39D4ACEC305E}.Release|Any CPU.Build.0 = Release|Any CPU
		{83CBFFD2-98E1-41C1-BF8C-E8A7D0CCB73A}.Debug|Any CPU.ActiveCfg = Debug|Any CPU
		{83CBFFD2-98E1-41C1-BF8C-E8A7D0CCB73A}.Debug|Any CPU.Build.0 = Debug|Any CPU
		{83CBFFD2-98E1-41C1-BF8C-E8A7D0CCB73A}.Release|Any CPU.ActiveCfg = Release|Any CPU
		{83CBFFD2-98E1-41C1-BF8C-E8A7D0CCB73A}.Release|Any CPU.Build.0 = Release|Any CPU
	EndGlobalSection
	GlobalSection(SolutionProperties) = preSolution
		HideSolutionNode = FALSE
	EndGlobalSection
	GlobalSection(NestedProjects) = preSolution
		{A7ECB486-7029-4A72-8399-7BD35A04DA79} = {92DBF8D2-F9BC-4CED-889D-C68A4D9D02CB}
		{4C7456B4-905B-41F1-8F20-DCAA79C64E56} = {A7ECB486-7029-4A72-8399-7BD35A04DA79}
		{0E9AA5A3-6B11-49F1-A813-A0EECD39FC72} = {A7ECB486-7029-4A72-8399-7BD35A04DA79}
		{AFC4F48B-F8B5-46D4-ADEB-C4D7CDEA97EB} = {A7ECB486-7029-4A72-8399-7BD35A04DA79}
		{8FA9BCFC-15E6-4266-9766-56DBBA52BC31} = {A7ECB486-7029-4A72-8399-7BD35A04DA79}
		{B1055D77-C589-416F-A370-2737D34E0E49} = {A7ECB486-7029-4A72-8399-7BD35A04DA79}
		{42EEA075-677B-4F12-8D55-5F19585E6D2B} = {92DBF8D2-F9BC-4CED-889D-C68A4D9D02CB}
		{FEE6B5A8-ADBD-4752-8EC9-3E2C754FBC5B} = {42EEA075-677B-4F12-8D55-5F19585E6D2B}
		{95731C85-97E1-489B-B030-2E6C414ED6E6} = {42EEA075-677B-4F12-8D55-5F19585E6D2B}
		{99B9CE0F-0F42-4FBE-988B-2E67655E293E} = {42EEA075-677B-4F12-8D55-5F19585E6D2B}
		{50397E0F-4AFE-417D-8510-B8897D302996} = {42EEA075-677B-4F12-8D55-5F19585E6D2B}
		{FBAE5173-F140-4D39-8A1E-3A7089E53738} = {42EEA075-677B-4F12-8D55-5F19585E6D2B}
		{38E0873C-4D20-43C9-A240-04284BD8525B} = {42EEA075-677B-4F12-8D55-5F19585E6D2B}
		{DBDCE040-BB7E-4EA0-93B3-1DE602D1FC1F} = {92DBF8D2-F9BC-4CED-889D-C68A4D9D02CB}
		{DD3AF01C-C8A4-4C5A-95C6-885E04013C4B} = {DBDCE040-BB7E-4EA0-93B3-1DE602D1FC1F}
		{53F6A9EF-3EED-4FE5-A0BA-C7EC6ED4B945} = {DBDCE040-BB7E-4EA0-93B3-1DE602D1FC1F}
		{EC30BD96-A0FC-4987-80D2-46D737CB6A70} = {DBDCE040-BB7E-4EA0-93B3-1DE602D1FC1F}
		{720B2955-DF2B-4F10-AFCC-AE1D40693BCB} = {DBDCE040-BB7E-4EA0-93B3-1DE602D1FC1F}
		{3F11D550-FAED-409B-809A-42B81B79AA58} = {DBDCE040-BB7E-4EA0-93B3-1DE602D1FC1F}
		{B9270E38-3E21-4826-9041-AB1821DE4631} = {92DBF8D2-F9BC-4CED-889D-C68A4D9D02CB}
		{EF2BD3CA-C5EF-4BE1-B267-48B1297CBD37} = {B9270E38-3E21-4826-9041-AB1821DE4631}
		{AF1DC9BC-62AF-4D03-93CA-89F728B625D2} = {B9270E38-3E21-4826-9041-AB1821DE4631}
		{19B108FC-1A3E-4C59-A74E-3CE3109482ED} = {B9270E38-3E21-4826-9041-AB1821DE4631}
		{91DF9EAD-1B13-4DE5-A170-1F2A49DC4B0E} = {B9270E38-3E21-4826-9041-AB1821DE4631}
		{DBD5FAA2-DC7C-497B-AF94-0529ABCE68A4} = {92DBF8D2-F9BC-4CED-889D-C68A4D9D02CB}
		{D2A4A96D-857A-4453-A3C8-532B9C52F928} = {DBD5FAA2-DC7C-497B-AF94-0529ABCE68A4}
		{718E0661-5B77-4E4C-9C10-5E2D3CA4B3B5} = {DBD5FAA2-DC7C-497B-AF94-0529ABCE68A4}
		{896EBA9F-9246-448D-B7F3-186795ED97B8} = {DBD5FAA2-DC7C-497B-AF94-0529ABCE68A4}
		{0A23FEED-FAA7-429D-BAA0-4ED858ECACA5} = {DBD5FAA2-DC7C-497B-AF94-0529ABCE68A4}
		{09A02F26-47D4-4F59-B459-5D1AEC600B59} = {440B4193-02E4-4F6A-BA11-3860B4AD7C1D}
		{4D7AC921-0FA3-4DE8-B348-2B41E93D0BBB} = {09A02F26-47D4-4F59-B459-5D1AEC600B59}
		{F10E8E9F-52E0-4FD3-A203-2408B0735071} = {09A02F26-47D4-4F59-B459-5D1AEC600B59}
		{076DC74A-CB7F-453C-8E7A-0001CB9BA63B} = {09A02F26-47D4-4F59-B459-5D1AEC600B59}
		{B4D1FF35-3FD8-4430-B960-BD939F52FD4E} = {09A02F26-47D4-4F59-B459-5D1AEC600B59}
		{2C26A433-1E96-4AFF-A225-8D8B55A76BAD} = {09A02F26-47D4-4F59-B459-5D1AEC600B59}
		{B2FF4D20-5EAC-4152-A508-38845CEE486C} = {440B4193-02E4-4F6A-BA11-3860B4AD7C1D}
		{723BA678-7AB6-44CB-8572-AB1C4ABA9644} = {B2FF4D20-5EAC-4152-A508-38845CEE486C}
		{1CFAA18D-9FCE-4E23-B252-1200D573C8F7} = {B2FF4D20-5EAC-4152-A508-38845CEE486C}
		{82EDAC4F-8ACD-4E83-8E7C-AD8775861717} = {B2FF4D20-5EAC-4152-A508-38845CEE486C}
		{3A403427-4636-4D50-91F4-D6A4CB7F16F5} = {B2FF4D20-5EAC-4152-A508-38845CEE486C}
		{5F5A9F93-CCE2-4D8D-907C-D6FC04702C1A} = {B2FF4D20-5EAC-4152-A508-38845CEE486C}
		{7726349E-3F13-414D-8CC4-03E8EE687BDD} = {B2FF4D20-5EAC-4152-A508-38845CEE486C}
		{E3AA0112-311D-41A7-B088-B975DF4CDC5B} = {440B4193-02E4-4F6A-BA11-3860B4AD7C1D}
		{3F5A08FB-EFCC-4A2D-B52A-081A448B5EC3} = {E3AA0112-311D-41A7-B088-B975DF4CDC5B}
		{4B79BF33-354E-4BA3-AA38-ACF7C4B7FB2E} = {E3AA0112-311D-41A7-B088-B975DF4CDC5B}
		{C95F65D7-9D0D-4B6B-842F-0CE89EB0F5D5} = {E3AA0112-311D-41A7-B088-B975DF4CDC5B}
		{614BA10D-5A35-41CD-B126-350C6061F656} = {E3AA0112-311D-41A7-B088-B975DF4CDC5B}
		{B7F087F6-4140-4406-A2EB-4D61BFD21DBD} = {E3AA0112-311D-41A7-B088-B975DF4CDC5B}
		{5B69BA7A-579C-4990-AE08-7ED645DA72BA} = {440B4193-02E4-4F6A-BA11-3860B4AD7C1D}
		{AFBD7B69-9163-4278-81F9-1336FFBD1F41} = {5B69BA7A-579C-4990-AE08-7ED645DA72BA}
		{15FC6305-EC93-4C95-BF8F-B92EBC277586} = {5B69BA7A-579C-4990-AE08-7ED645DA72BA}
		{841E460B-AA81-4F38-BA5A-1E4D73505243} = {5B69BA7A-579C-4990-AE08-7ED645DA72BA}
		{739A9B69-A087-4EB9-9F0F-45898008C89D} = {5B69BA7A-579C-4990-AE08-7ED645DA72BA}
		{2238A018-E38E-4CC1-B398-46ECD80C7FF3} = {440B4193-02E4-4F6A-BA11-3860B4AD7C1D}
		{2D781BDB-96B1-4271-A2C0-09B8DC4FFC7F} = {2238A018-E38E-4CC1-B398-46ECD80C7FF3}
		{CBFC8502-2BFF-4F0C-873C-5EE61A794000} = {2238A018-E38E-4CC1-B398-46ECD80C7FF3}
		{79D78423-BE9E-4555-B821-39D4ACEC305E} = {2238A018-E38E-4CC1-B398-46ECD80C7FF3}
		{83CBFFD2-98E1-41C1-BF8C-E8A7D0CCB73A} = {2238A018-E38E-4CC1-B398-46ECD80C7FF3}
	EndGlobalSection
	GlobalSection(ExtensibilityGlobals) = postSolution
		SolutionGuid = {2859464E-086B-4C0E-9A03-03A893955F84}
	EndGlobalSection
EndGlobal
